
Microsoft Visual Studio Solution File, Format Version 12.00
# Visual Studio Version 17
VisualStudioVersion = 17.3.32922.545
MinimumVisualStudioVersion = 10.0.40219.1
Project("{FAE04EC0-301F-11D3-BF4B-00C04F79EFBC}") = "ProyectoFutbool", "ProyectoFutbool\ProyectoFutbool.csproj", "{C3E18067-F611-43D3-9A61-C99CA62C24A4}"
EndProject
Global
	GlobalSection(SolutionConfigurationPlatforms) = preSolution
		Debug|Any CPU = Debug|Any CPU
		Release|Any CPU = Release|Any CPU
	EndGlobalSection
	GlobalSection(ProjectConfigurationPlatforms) = postSolution
		{C3E18067-F611-43D3-9A61-C99CA62C24A4}.Debug|Any CPU.ActiveCfg = Debug|Any CPU
		{C3E18067-F611-43D3-9A61-C99CA62C24A4}.Debug|Any CPU.Build.0 = Debug|Any CPU
		{C3E18067-F611-43D3-9A61-C99CA62C24A4}.Release|Any CPU.ActiveCfg = Release|Any CPU
		{C3E18067-F611-43D3-9A61-C99CA62C24A4}.Release|Any CPU.Build.0 = Release|Any CPU
	EndGlobalSection
	GlobalSection(SolutionProperties) = preSolution
		HideSolutionNode = FALSE
	EndGlobalSection
	GlobalSection(ExtensibilityGlobals) = postSolution
		SolutionGuid = {7CF19632-CD71-425B-B9A6-8E4B13CAD183}
	EndGlobalSection
EndGlobal
